
Microsoft Visual Studio Solution File, Format Version 11.00
# Visual Studio 2010
Project("{FAE04EC0-301F-11D3-BF4B-00C04F79EFBC}") = "DISPLAY", "pick\DISPLAY.csproj", "{8363ACC2-F311-436A-9BEB-9B1473CE92A3}"
EndProject
Project("{FAE04EC0-301F-11D3-BF4B-00C04F79EFBC}") = "SQLDAL", "SQLDAL\SQLDAL.csproj", "{47ED7CF0-CD61-423A-9B17-5DAE0B5D4D1C}"
EndProject
Project("{FAE04EC0-301F-11D3-BF4B-00C04F79EFBC}") = "BLL", "BLL\BLL.csproj", "{DB999555-2796-4243-B3E7-34D22270CCAA}"
EndProject
Project("{FAE04EC0-301F-11D3-BF4B-00C04F79EFBC}") = "MODEL", "MODEL\MODEL.csproj", "{B6CFCD79-1F6A-4312-B78B-3728F453ABF0}"
EndProject
Global
	GlobalSection(SolutionConfigurationPlatforms) = preSolution
		Debug|x86 = Debug|x86
		Release|x86 = Release|x86
	EndGlobalSection
	GlobalSection(ProjectConfigurationPlatforms) = postSolution
		{8363ACC2-F311-436A-9BEB-9B1473CE92A3}.Debug|x86.ActiveCfg = Debug|x86
		{8363ACC2-F311-436A-9BEB-9B1473CE92A3}.Debug|x86.Build.0 = Debug|x86
		{8363ACC2-F311-436A-9BEB-9B1473CE92A3}.Release|x86.ActiveCfg = Release|x86
		{8363ACC2-F311-436A-9BEB-9B1473CE92A3}.Release|x86.Build.0 = Release|x86
		{47ED7CF0-CD61-423A-9B17-5DAE0B5D4D1C}.Debug|x86.ActiveCfg = Debug|x86
		{47ED7CF0-CD61-423A-9B17-5DAE0B5D4D1C}.Debug|x86.Build.0 = Debug|x86
		{47ED7CF0-CD61-423A-9B17-5DAE0B5D4D1C}.Release|x86.ActiveCfg = Release|x86
		{47ED7CF0-CD61-423A-9B17-5DAE0B5D4D1C}.Release|x86.Build.0 = Release|x86
		{DB999555-2796-4243-B3E7-34D22270CCAA}.Debug|x86.ActiveCfg = Debug|x86
		{DB999555-2796-4243-B3E7-34D22270CCAA}.Debug|x86.Build.0 = Debug|x86
		{DB999555-2796-4243-B3E7-34D22270CCAA}.Release|x86.ActiveCfg = Release|x86
		{DB999555-2796-4243-B3E7-34D22270CCAA}.Release|x86.Build.0 = Release|x86
		{B6CFCD79-1F6A-4312-B78B-3728F453ABF0}.Debug|x86.ActiveCfg = Debug|x86
		{B6CFCD79-1F6A-4312-B78B-3728F453ABF0}.Debug|x86.Build.0 = Debug|x86
		{B6CFCD79-1F6A-4312-B78B-3728F453ABF0}.Release|x86.ActiveCfg = Release|x86
		{B6CFCD79-1F6A-4312-B78B-3728F453ABF0}.Release|x86.Build.0 = Release|x86
	EndGlobalSection
	GlobalSection(SolutionProperties) = preSolution
		HideSolutionNode = FALSE
	EndGlobalSection
EndGlobal
